
Microsoft Visual Studio Solution File, Format Version 12.00
# Visual Studio Version 17
VisualStudioVersion = 17.10.35027.167
MinimumVisualStudioVersion = 10.0.40219.1
Project("{FAE04EC0-301F-11D3-BF4B-00C04F79EFBC}") = "Bai4", "Bai4\Bai4.csproj", "{DC7AC63A-0DD1-4124-9573-9E7818AC1221}"
EndProject
Global
	GlobalSection(SolutionConfigurationPlatforms) = preSolution
		Debug|Any CPU = Debug|Any CPU
		Release|Any CPU = Release|Any CPU
	EndGlobalSection
	GlobalSection(ProjectConfigurationPlatforms) = postSolution
		{DC7AC63A-0DD1-4124-9573-9E7818AC1221}.Debug|Any CPU.ActiveCfg = Debug|Any CPU
		{DC7AC63A-0DD1-4124-9573-9E7818AC1221}.Debug|Any CPU.Build.0 = Debug|Any CPU
		{DC7AC63A-0DD1-4124-9573-9E7818AC1221}.Release|Any CPU.ActiveCfg = Release|Any CPU
		{DC7AC63A-0DD1-4124-9573-9E7818AC1221}.Release|Any CPU.Build.0 = Release|Any CPU
	EndGlobalSection
	GlobalSection(SolutionProperties) = preSolution
		HideSolutionNode = FALSE
	EndGlobalSection
	GlobalSection(ExtensibilityGlobals) = postSolution
		SolutionGuid = {11013E22-9747-47EC-AC9B-5323C42FC82D}
	EndGlobalSection
EndGlobal
